
Microsoft Visual Studio Solution File, Format Version 12.00
# Visual Studio Version 16
VisualStudioVersion = 16.0.30114.105
MinimumVisualStudioVersion = 10.0.40219.1
Project("{FAE04EC0-301F-11D3-BF4B-00C04F79EFBC}") = "API", "API\API.csproj", "{B0DA73CF-A948-40F1-AC93-674980FAED15}"
EndProject
Project("{FAE04EC0-301F-11D3-BF4B-00C04F79EFBC}") = "Application", "Application\Application.csproj", "{8DB84172-0A82-4E14-9C26-FE5CD7F8DFFB}"
EndProject
Project("{FAE04EC0-301F-11D3-BF4B-00C04F79EFBC}") = "Persistence", "Persistence\Persistence.csproj", "{9352EF12-9F6E-4496-97B0-5B6B49FCEE17}"
EndProject
Project("{FAE04EC0-301F-11D3-BF4B-00C04F79EFBC}") = "Domain", "Domain\Domain.csproj", "{92F34F81-30F5-44FE-8977-B3FD0EB589E0}"
EndProject
Global
	GlobalSection(SolutionConfigurationPlatforms) = preSolution
		Debug|Any CPU = Debug|Any CPU
		Release|Any CPU = Release|Any CPU
	EndGlobalSection
	GlobalSection(SolutionProperties) = preSolution
		HideSolutionNode = FALSE
	EndGlobalSection
	GlobalSection(ProjectConfigurationPlatforms) = postSolution
		{B0DA73CF-A948-40F1-AC93-674980FAED15}.Debug|Any CPU.ActiveCfg = Debug|Any CPU
		{B0DA73CF-A948-40F1-AC93-674980FAED15}.Debug|Any CPU.Build.0 = Debug|Any CPU
		{B0DA73CF-A948-40F1-AC93-674980FAED15}.Release|Any CPU.ActiveCfg = Release|Any CPU
		{B0DA73CF-A948-40F1-AC93-674980FAED15}.Release|Any CPU.Build.0 = Release|Any CPU
		{8DB84172-0A82-4E14-9C26-FE5CD7F8DFFB}.Debug|Any CPU.ActiveCfg = Debug|Any CPU
		{8DB84172-0A82-4E14-9C26-FE5CD7F8DFFB}.Debug|Any CPU.Build.0 = Debug|Any CPU
		{8DB84172-0A82-4E14-9C26-FE5CD7F8DFFB}.Release|Any CPU.ActiveCfg = Release|Any CPU
		{8DB84172-0A82-4E14-9C26-FE5CD7F8DFFB}.Release|Any CPU.Build.0 = Release|Any CPU
		{9352EF12-9F6E-4496-97B0-5B6B49FCEE17}.Debug|Any CPU.ActiveCfg = Debug|Any CPU
		{9352EF12-9F6E-4496-97B0-5B6B49FCEE17}.Debug|Any CPU.Build.0 = Debug|Any CPU
		{9352EF12-9F6E-4496-97B0-5B6B49FCEE17}.Release|Any CPU.ActiveCfg = Release|Any CPU
		{9352EF12-9F6E-4496-97B0-5B6B49FCEE17}.Release|Any CPU.Build.0 = Release|Any CPU
		{92F34F81-30F5-44FE-8977-B3FD0EB589E0}.Debug|Any CPU.ActiveCfg = Debug|Any CPU
		{92F34F81-30F5-44FE-8977-B3FD0EB589E0}.Debug|Any CPU.Build.0 = Debug|Any CPU
		{92F34F81-30F5-44FE-8977-B3FD0EB589E0}.Release|Any CPU.ActiveCfg = Release|Any CPU
		{92F34F81-30F5-44FE-8977-B3FD0EB589E0}.Release|Any CPU.Build.0 = Release|Any CPU
	EndGlobalSection
EndGlobal
